
Microsoft Visual Studio Solution File, Format Version 12.00
# Visual Studio 14
VisualStudioVersion = 14.0.25123.0
MinimumVisualStudioVersion = 10.0.40219.1
Project("{FAE04EC0-301F-11D3-BF4B-00C04F79EFBC}") = "LaazyDate", "LaazyDate\LaazyDate.csproj", "{B1704D6F-8177-4490-8415-70EE35C10F0B}"
EndProject
Project("{FAE04EC0-301F-11D3-BF4B-00C04F79EFBC}") = "LaazyDate.Tests", "LaazyDate.Tests\LaazyDate.Tests.csproj", "{7EE131D7-B474-4F75-BCD1-F8A06653DD13}"
EndProject
Global
	GlobalSection(SolutionConfigurationPlatforms) = preSolution
		Debug|Any CPU = Debug|Any CPU
		Release|Any CPU = Release|Any CPU
	EndGlobalSection
	GlobalSection(ProjectConfigurationPlatforms) = postSolution
		{B1704D6F-8177-4490-8415-70EE35C10F0B}.Debug|Any CPU.ActiveCfg = Debug|Any CPU
		{B1704D6F-8177-4490-8415-70EE35C10F0B}.Debug|Any CPU.Build.0 = Debug|Any CPU
		{B1704D6F-8177-4490-8415-70EE35C10F0B}.Release|Any CPU.ActiveCfg = Release|Any CPU
		{B1704D6F-8177-4490-8415-70EE35C10F0B}.Release|Any CPU.Build.0 = Release|Any CPU
		{7EE131D7-B474-4F75-BCD1-F8A06653DD13}.Debug|Any CPU.ActiveCfg = Debug|Any CPU
		{7EE131D7-B474-4F75-BCD1-F8A06653DD13}.Debug|Any CPU.Build.0 = Debug|Any CPU
		{7EE131D7-B474-4F75-BCD1-F8A06653DD13}.Release|Any CPU.ActiveCfg = Release|Any CPU
		{7EE131D7-B474-4F75-BCD1-F8A06653DD13}.Release|Any CPU.Build.0 = Release|Any CPU
	EndGlobalSection
	GlobalSection(SolutionProperties) = preSolution
		HideSolutionNode = FALSE
	EndGlobalSection
EndGlobal
